
Microsoft Visual Studio Solution File, Format Version 12.00
# Visual Studio 2013
VisualStudioVersion = 12.0.30501.0
MinimumVisualStudioVersion = 10.0.40219.1
Project("{FAE04EC0-301F-11D3-BF4B-00C04F79EFBC}") = "Monopoly.DomainModel", "Monopoly.DomainModel\Monopoly.DomainModel.csproj", "{553D0E65-E730-4EE1-9AC0-9CE28686BAF7}"
EndProject
Project("{FAE04EC0-301F-11D3-BF4B-00C04F79EFBC}") = "Monopoly.DomainModel.Test", "Monopoly.DomainModel.Test\Monopoly.DomainModel.Test.csproj", "{D4C6D5F0-D321-4786-9319-EE7802D265E4}"
EndProject
Project("{2150E333-8FDC-42A3-9474-1A3956D46DE8}") = "Libs", "Libs", "{30E3B81D-86BF-4482-AA83-00B655A3B688}"
	ProjectSection(SolutionItems) = preProject
		Libs\Rhino.Mocks.dll = Libs\Rhino.Mocks.dll
	EndProjectSection
EndProject
Global
	GlobalSection(SolutionConfigurationPlatforms) = preSolution
		Debug|Any CPU = Debug|Any CPU
		Release|Any CPU = Release|Any CPU
	EndGlobalSection
	GlobalSection(ProjectConfigurationPlatforms) = postSolution
		{553D0E65-E730-4EE1-9AC0-9CE28686BAF7}.Debug|Any CPU.ActiveCfg = Debug|Any CPU
		{553D0E65-E730-4EE1-9AC0-9CE28686BAF7}.Debug|Any CPU.Build.0 = Debug|Any CPU
		{553D0E65-E730-4EE1-9AC0-9CE28686BAF7}.Release|Any CPU.ActiveCfg = Release|Any CPU
		{553D0E65-E730-4EE1-9AC0-9CE28686BAF7}.Release|Any CPU.Build.0 = Release|Any CPU
		{D4C6D5F0-D321-4786-9319-EE7802D265E4}.Debug|Any CPU.ActiveCfg = Debug|Any CPU
		{D4C6D5F0-D321-4786-9319-EE7802D265E4}.Debug|Any CPU.Build.0 = Debug|Any CPU
		{D4C6D5F0-D321-4786-9319-EE7802D265E4}.Release|Any CPU.ActiveCfg = Release|Any CPU
		{D4C6D5F0-D321-4786-9319-EE7802D265E4}.Release|Any CPU.Build.0 = Release|Any CPU
	EndGlobalSection
	GlobalSection(SolutionProperties) = preSolution
		HideSolutionNode = FALSE
	EndGlobalSection
EndGlobal
